# This file was autogenerated by Stack.
# You should not edit this file by hand.
# For more information, please see the documentation at:
#   https://docs.haskellstack.org/en/stable/lock_files

packages:
- completed:
    hackage: nanovg-0.8.1.0@sha256:bfcbe0dc0020aaa80db895966c9cf1b8aa4f13ac5253e713d728165fea7e9fc1,4914
    pantry-tree:
      sha256: 3ca4a631fe4787de9bbc0ee7348ab8e693b40cb3f7e5e956206f46bb4e66c2c7
      size: 2558
  original:
    hackage: nanovg-0.8.1.0
- completed:
    hackage: monomer-1.5.1.0@sha256:0441ecfb767c716015d4baace5bd66eda62bb65afdca0ca3ad7d81a9d4bd1353,17356
    pantry-tree:
      sha256: f803a19d455fad33a0e02db0aac1996d53f70e8311e480ca1752085c81d1690c
      size: 14513
  original:
    hackage: monomer-1.5.1.0
snapshots:
- completed:
    sha256: bd34dcded0f9d502275871b7bcd9bbe356bf060276bc6b62fb9e8a225589c74c
    size: 639151
    url: https://raw.githubusercontent.com/commercialhaskell/stackage-snapshots/master/lts/21/2.yaml
  original:
    url: https://raw.githubusercontent.com/commercialhaskell/stackage-snapshots/master/lts/21/2.yaml
